
Microsoft Visual Studio Solution File, Format Version 12.00
Project("{FAE04EC0-301F-11D3-BF4B-00C04F79EFBC}") = "Year2023", "Year2023\Year2023.csproj", "{B0BD26FB-7E12-4825-97A9-47BCBA0DE502}"
EndProject
Project("{FAE04EC0-301F-11D3-BF4B-00C04F79EFBC}") = "Shared", "Shared\Shared.csproj", "{FF05B1E7-1E88-4AA8-84A6-77209A00CBB7}"
EndProject
Global
	GlobalSection(SolutionConfigurationPlatforms) = preSolution
		Debug|Any CPU = Debug|Any CPU
		Release|Any CPU = Release|Any CPU
	EndGlobalSection
	GlobalSection(ProjectConfigurationPlatforms) = postSolution
		{B0BD26FB-7E12-4825-97A9-47BCBA0DE502}.Debug|Any CPU.ActiveCfg = Debug|Any CPU
		{B0BD26FB-7E12-4825-97A9-47BCBA0DE502}.Debug|Any CPU.Build.0 = Debug|Any CPU
		{B0BD26FB-7E12-4825-97A9-47BCBA0DE502}.Release|Any CPU.ActiveCfg = Release|Any CPU
		{B0BD26FB-7E12-4825-97A9-47BCBA0DE502}.Release|Any CPU.Build.0 = Release|Any CPU
		{FF05B1E7-1E88-4AA8-84A6-77209A00CBB7}.Debug|Any CPU.ActiveCfg = Debug|Any CPU
		{FF05B1E7-1E88-4AA8-84A6-77209A00CBB7}.Debug|Any CPU.Build.0 = Debug|Any CPU
		{FF05B1E7-1E88-4AA8-84A6-77209A00CBB7}.Release|Any CPU.ActiveCfg = Release|Any CPU
		{FF05B1E7-1E88-4AA8-84A6-77209A00CBB7}.Release|Any CPU.Build.0 = Release|Any CPU
	EndGlobalSection
EndGlobal
