
Microsoft Visual Studio Solution File, Format Version 12.00
# Visual Studio Version 16
VisualStudioVersion = 16.0.30114.105
MinimumVisualStudioVersion = 10.0.40219.1
Project("{FAE04EC0-301F-11D3-BF4B-00C04F79EFBC}") = "Day1", "Day1\Day1.csproj", "{C2F1EA64-EB0D-45DE-A0BA-6B323DD0A048}"
EndProject
Project("{FAE04EC0-301F-11D3-BF4B-00C04F79EFBC}") = "Day2", "Day2\Day2.csproj", "{A38D6DFC-2832-432B-A08F-1CF74B8C1AB3}"
EndProject
Global
	GlobalSection(SolutionConfigurationPlatforms) = preSolution
		Debug|Any CPU = Debug|Any CPU
		Release|Any CPU = Release|Any CPU
	EndGlobalSection
	GlobalSection(SolutionProperties) = preSolution
		HideSolutionNode = FALSE
	EndGlobalSection
	GlobalSection(ProjectConfigurationPlatforms) = postSolution
		{C2F1EA64-EB0D-45DE-A0BA-6B323DD0A048}.Debug|Any CPU.ActiveCfg = Debug|Any CPU
		{C2F1EA64-EB0D-45DE-A0BA-6B323DD0A048}.Debug|Any CPU.Build.0 = Debug|Any CPU
		{C2F1EA64-EB0D-45DE-A0BA-6B323DD0A048}.Release|Any CPU.ActiveCfg = Release|Any CPU
		{C2F1EA64-EB0D-45DE-A0BA-6B323DD0A048}.Release|Any CPU.Build.0 = Release|Any CPU
		{A38D6DFC-2832-432B-A08F-1CF74B8C1AB3}.Debug|Any CPU.ActiveCfg = Debug|Any CPU
		{A38D6DFC-2832-432B-A08F-1CF74B8C1AB3}.Debug|Any CPU.Build.0 = Debug|Any CPU
		{A38D6DFC-2832-432B-A08F-1CF74B8C1AB3}.Release|Any CPU.ActiveCfg = Release|Any CPU
		{A38D6DFC-2832-432B-A08F-1CF74B8C1AB3}.Release|Any CPU.Build.0 = Release|Any CPU
	EndGlobalSection
EndGlobal
